// !$*UTF8*$!
{
	archiveVersion = 1;
	classes = {
	};
	objectVersion = 56;
	objects = {

/* Begin PBXBuildFile section */
		EB039C0A2A696BCA006DEFC5 /* AppDelegate.swift in Sources */ = {isa = PBXBuildFile; fileRef = EB039C092A696BCA006DEFC5 /* AppDelegate.swift */; };
		EB039C0C2A696BCA006DEFC5 /* SceneDelegate.swift in Sources */ = {isa = PBXBuildFile; fileRef = EB039C0B2A696BCA006DEFC5 /* SceneDelegate.swift */; };
		EB039C0E2A696BCA006DEFC5 /* MissionListViewController.swift in Sources */ = {isa = PBXBuildFile; fileRef = EB039C0D2A696BCA006DEFC5 /* MissionListViewController.swift */; };
		EB039C112A696BCA006DEFC5 /* Main.storyboard in Resources */ = {isa = PBXBuildFile; fileRef = EB039C0F2A696BCA006DEFC5 /* Main.storyboard */; };
		EB039C132A696BCA006DEFC5 /* Assets.xcassets in Resources */ = {isa = PBXBuildFile; fileRef = EB039C122A696BCA006DEFC5 /* Assets.xcassets */; };
		EB039C162A696BCA006DEFC5 /* LaunchScreen.storyboard in Resources */ = {isa = PBXBuildFile; fileRef = EB039C142A696BCA006DEFC5 /* LaunchScreen.storyboard */; };
		EB2802DC2A6975A7003A8C8D /* RequestManager.swift in Sources */ = {isa = PBXBuildFile; fileRef = EB2802DB2A6975A7003A8C8D /* RequestManager.swift */; };
		EB2802DE2A6975B6003A8C8D /* RequestMethodManager.swift in Sources */ = {isa = PBXBuildFile; fileRef = EB2802DD2A6975B6003A8C8D /* RequestMethodManager.swift */; };
		EB2802E02A6975C1003A8C8D /* RequestURLManager.swift in Sources */ = {isa = PBXBuildFile; fileRef = EB2802DF2A6975C1003A8C8D /* RequestURLManager.swift */; };
		EB2802E22A6975CF003A8C8D /* RequestQueryParamManager.swift in Sources */ = {isa = PBXBuildFile; fileRef = EB2802E12A6975CF003A8C8D /* RequestQueryParamManager.swift */; };
		EB2802E42A6975DD003A8C8D /* RequestHeaderManager.swift in Sources */ = {isa = PBXBuildFile; fileRef = EB2802E32A6975DD003A8C8D /* RequestHeaderManager.swift */; };
		EB2802E62A6975E8003A8C8D /* RequestBodyManager.swift in Sources */ = {isa = PBXBuildFile; fileRef = EB2802E52A6975E8003A8C8D /* RequestBodyManager.swift */; };
		EB2802E82A6975F3003A8C8D /* WebService.swift in Sources */ = {isa = PBXBuildFile; fileRef = EB2802E72A6975F3003A8C8D /* WebService.swift */; };
		EB2802EA2A69760A003A8C8D /* LuanchAPIQuery.swift in Sources */ = {isa = PBXBuildFile; fileRef = EB2802E92A69760A003A8C8D /* LuanchAPIQuery.swift */; };
		EB2802EC2A69763B003A8C8D /* Mission.swift in Sources */ = {isa = PBXBuildFile; fileRef = EB2802EB2A69763B003A8C8D /* Mission.swift */; };
		EB2802EF2A6976D0003A8C8D /* Log.swift in Sources */ = {isa = PBXBuildFile; fileRef = EB2802EE2A6976D0003A8C8D /* Log.swift */; };
		EB2802F12A697938003A8C8D /* MissionRepository.swift in Sources */ = {isa = PBXBuildFile; fileRef = EB2802F02A697938003A8C8D /* MissionRepository.swift */; };
		EB2802F42A697B0E003A8C8D /* MissionListViewModel.swift in Sources */ = {isa = PBXBuildFile; fileRef = EB2802F32A697B0E003A8C8D /* MissionListViewModel.swift */; };
		EB2802FB2A698DF6003A8C8D /* StringExtension.swift in Sources */ = {isa = PBXBuildFile; fileRef = EB2802FA2A698DF6003A8C8D /* StringExtension.swift */; };
		EB2802FE2A698E30003A8C8D /* Localizable.strings in Resources */ = {isa = PBXBuildFile; fileRef = EB2803002A698E30003A8C8D /* Localizable.strings */; };
		EB2803032A699390003A8C8D /* ArrayExtension.swift in Sources */ = {isa = PBXBuildFile; fileRef = EB2803022A699390003A8C8D /* ArrayExtension.swift */; };
		EB2803052A699638003A8C8D /* Functions.swift in Sources */ = {isa = PBXBuildFile; fileRef = EB2803042A699638003A8C8D /* Functions.swift */; };
		EB28032D2A6A615F003A8C8D /* WebImageView.swift in Sources */ = {isa = PBXBuildFile; fileRef = EB28032C2A6A615F003A8C8D /* WebImageView.swift */; };
		EB2803302A6A61A3003A8C8D /* WebImageRepositroy.swift in Sources */ = {isa = PBXBuildFile; fileRef = EB28032F2A6A61A3003A8C8D /* WebImageRepositroy.swift */; };
		EB2803342A6A621C003A8C8D /* RepositoryError.swift in Sources */ = {isa = PBXBuildFile; fileRef = EB2803332A6A621C003A8C8D /* RepositoryError.swift */; };
		EB2803362A6A622E003A8C8D /* NetworkError.swift in Sources */ = {isa = PBXBuildFile; fileRef = EB2803352A6A622E003A8C8D /* NetworkError.swift */; };
		EB2803382A6A63C5003A8C8D /* WebImageViewModel.swift in Sources */ = {isa = PBXBuildFile; fileRef = EB2803372A6A63C5003A8C8D /* WebImageViewModel.swift */; };
		EB58831E2A6B974F003847A4 /* MissionDetailsViewController.swift in Sources */ = {isa = PBXBuildFile; fileRef = EB58831D2A6B974F003847A4 /* MissionDetailsViewController.swift */; };
		EB5883252A6B98DE003847A4 /* MissionDetailsTableViewCell.swift in Sources */ = {isa = PBXBuildFile; fileRef = EB5883232A6B98DE003847A4 /* MissionDetailsTableViewCell.swift */; };
		EB5883262A6B98DE003847A4 /* MissionDetailsTableViewCell.xib in Resources */ = {isa = PBXBuildFile; fileRef = EB5883242A6B98DE003847A4 /* MissionDetailsTableViewCell.xib */; };
		EB67CB942A6A7EBF0050F37D /* ImageCacheService.swift in Sources */ = {isa = PBXBuildFile; fileRef = EB67CB932A6A7EBF0050F37D /* ImageCacheService.swift */; };
		EB73467B2A696E82007B3CD4 /* StoryBoarded.swift in Sources */ = {isa = PBXBuildFile; fileRef = EB73467A2A696E82007B3CD4 /* StoryBoarded.swift */; };
		EB73467E2A696EAD007B3CD4 /* UIViewControllerExtension.swift in Sources */ = {isa = PBXBuildFile; fileRef = EB73467D2A696EAD007B3CD4 /* UIViewControllerExtension.swift */; };
		EB7346802A696EDD007B3CD4 /* Coordinator.swift in Sources */ = {isa = PBXBuildFile; fileRef = EB73467F2A696EDD007B3CD4 /* Coordinator.swift */; };
		EB7346822A696EE7007B3CD4 /* MainCoordinator.swift in Sources */ = {isa = PBXBuildFile; fileRef = EB7346812A696EE7007B3CD4 /* MainCoordinator.swift */; };
		EB7346842A696F24007B3CD4 /* BaseViewController.swift in Sources */ = {isa = PBXBuildFile; fileRef = EB7346832A696F24007B3CD4 /* BaseViewController.swift */; };
		EB7346862A696F3A007B3CD4 /* TypeAliases.swift in Sources */ = {isa = PBXBuildFile; fileRef = EB7346852A696F3A007B3CD4 /* TypeAliases.swift */; };
		EB7346882A697196007B3CD4 /* UITableViewCellExtension.swift in Sources */ = {isa = PBXBuildFile; fileRef = EB7346872A697196007B3CD4 /* UITableViewCellExtension.swift */; };
		EB73468C2A6972AE007B3CD4 /* MissionTableViewCell.swift in Sources */ = {isa = PBXBuildFile; fileRef = EB73468A2A6972AE007B3CD4 /* MissionTableViewCell.swift */; };
		EB73468D2A6972AE007B3CD4 /* MissionTableViewCell.xib in Resources */ = {isa = PBXBuildFile; fileRef = EB73468B2A6972AE007B3CD4 /* MissionTableViewCell.xib */; };
		EB8748792A6AD14E003B9C4B /* MissionDetailsViewModel.swift in Sources */ = {isa = PBXBuildFile; fileRef = EB8748782A6AD14E003B9C4B /* MissionDetailsViewModel.swift */; };
/* End PBXBuildFile section */

/* Begin PBXFileReference section */
		EB039C062A696BCA006DEFC5 /* SpaceXMission.app */ = {isa = PBXFileReference; explicitFileType = wrapper.application; includeInIndex = 0; path = SpaceXMission.app; sourceTree = BUILT_PRODUCTS_DIR; };
		EB039C092A696BCA006DEFC5 /* AppDelegate.swift */ = {isa = PBXFileReference; lastKnownFileType = sourcecode.swift; path = AppDelegate.swift; sourceTree = "<group>"; };
		EB039C0B2A696BCA006DEFC5 /* SceneDelegate.swift */ = {isa = PBXFileReference; lastKnownFileType = sourcecode.swift; path = SceneDelegate.swift; sourceTree = "<group>"; };
		EB039C0D2A696BCA006DEFC5 /* MissionListViewController.swift */ = {isa = PBXFileReference; lastKnownFileType = sourcecode.swift; path = MissionListViewController.swift; sourceTree = "<group>"; };
		EB039C102A696BCA006DEFC5 /* Base */ = {isa = PBXFileReference; lastKnownFileType = file.storyboard; name = Base; path = Base.lproj/Main.storyboard; sourceTree = "<group>"; };
		EB039C122A696BCA006DEFC5 /* Assets.xcassets */ = {isa = PBXFileReference; lastKnownFileType = folder.assetcatalog; path = Assets.xcassets; sourceTree = "<group>"; };
		EB039C152A696BCA006DEFC5 /* Base */ = {isa = PBXFileReference; lastKnownFileType = file.storyboard; name = Base; path = Base.lproj/LaunchScreen.storyboard; sourceTree = "<group>"; };
		EB039C172A696BCA006DEFC5 /* Info.plist */ = {isa = PBXFileReference; lastKnownFileType = text.plist.xml; path = Info.plist; sourceTree = "<group>"; };
		EB2802DB2A6975A7003A8C8D /* RequestManager.swift */ = {isa = PBXFileReference; lastKnownFileType = sourcecode.swift; path = RequestManager.swift; sourceTree = "<group>"; };
		EB2802DD2A6975B6003A8C8D /* RequestMethodManager.swift */ = {isa = PBXFileReference; lastKnownFileType = sourcecode.swift; path = RequestMethodManager.swift; sourceTree = "<group>"; };
		EB2802DF2A6975C1003A8C8D /* RequestURLManager.swift */ = {isa = PBXFileReference; lastKnownFileType = sourcecode.swift; path = RequestURLManager.swift; sourceTree = "<group>"; };
		EB2802E12A6975CF003A8C8D /* RequestQueryParamManager.swift */ = {isa = PBXFileReference; lastKnownFileType = sourcecode.swift; path = RequestQueryParamManager.swift; sourceTree = "<group>"; };
		EB2802E32A6975DD003A8C8D /* RequestHeaderManager.swift */ = {isa = PBXFileReference; lastKnownFileType = sourcecode.swift; path = RequestHeaderManager.swift; sourceTree = "<group>"; };
		EB2802E52A6975E8003A8C8D /* RequestBodyManager.swift */ = {isa = PBXFileReference; lastKnownFileType = sourcecode.swift; path = RequestBodyManager.swift; sourceTree = "<group>"; };
		EB2802E72A6975F3003A8C8D /* WebService.swift */ = {isa = PBXFileReference; lastKnownFileType = sourcecode.swift; path = WebService.swift; sourceTree = "<group>"; };
		EB2802E92A69760A003A8C8D /* LuanchAPIQuery.swift */ = {isa = PBXFileReference; lastKnownFileType = sourcecode.swift; path = LuanchAPIQuery.swift; sourceTree = "<group>"; };
		EB2802EB2A69763B003A8C8D /* Mission.swift */ = {isa = PBXFileReference; lastKnownFileType = sourcecode.swift; path = Mission.swift; sourceTree = "<group>"; };
		EB2802EE2A6976D0003A8C8D /* Log.swift */ = {isa = PBXFileReference; lastKnownFileType = sourcecode.swift; path = Log.swift; sourceTree = "<group>"; };
		EB2802F02A697938003A8C8D /* MissionRepository.swift */ = {isa = PBXFileReference; lastKnownFileType = sourcecode.swift; path = MissionRepository.swift; sourceTree = "<group>"; };
		EB2802F32A697B0E003A8C8D /* MissionListViewModel.swift */ = {isa = PBXFileReference; lastKnownFileType = sourcecode.swift; path = MissionListViewModel.swift; sourceTree = "<group>"; };
		EB2802FA2A698DF6003A8C8D /* StringExtension.swift */ = {isa = PBXFileReference; lastKnownFileType = sourcecode.swift; path = StringExtension.swift; sourceTree = "<group>"; };
		EB2802FF2A698E30003A8C8D /* en */ = {isa = PBXFileReference; lastKnownFileType = text.plist.strings; name = en; path = en.lproj/Localizable.strings; sourceTree = "<group>"; };
		EB2803012A698FF5003A8C8D /* README.md */ = {isa = PBXFileReference; lastKnownFileType = net.daringfireball.markdown; path = README.md; sourceTree = "<group>"; };
		EB2803022A699390003A8C8D /* ArrayExtension.swift */ = {isa = PBXFileReference; lastKnownFileType = sourcecode.swift; path = ArrayExtension.swift; sourceTree = "<group>"; };
		EB2803042A699638003A8C8D /* Functions.swift */ = {isa = PBXFileReference; lastKnownFileType = sourcecode.swift; path = Functions.swift; sourceTree = "<group>"; };
		EB28032C2A6A615F003A8C8D /* WebImageView.swift */ = {isa = PBXFileReference; lastKnownFileType = sourcecode.swift; path = WebImageView.swift; sourceTree = "<group>"; };
		EB28032F2A6A61A3003A8C8D /* WebImageRepositroy.swift */ = {isa = PBXFileReference; lastKnownFileType = sourcecode.swift; path = WebImageRepositroy.swift; sourceTree = "<group>"; };
		EB2803332A6A621C003A8C8D /* RepositoryError.swift */ = {isa = PBXFileReference; lastKnownFileType = sourcecode.swift; path = RepositoryError.swift; sourceTree = "<group>"; };
		EB2803352A6A622E003A8C8D /* NetworkError.swift */ = {isa = PBXFileReference; lastKnownFileType = sourcecode.swift; path = NetworkError.swift; sourceTree = "<group>"; };
		EB2803372A6A63C5003A8C8D /* WebImageViewModel.swift */ = {isa = PBXFileReference; lastKnownFileType = sourcecode.swift; path = WebImageViewModel.swift; sourceTree = "<group>"; };
		EB58831D2A6B974F003847A4 /* MissionDetailsViewController.swift */ = {isa = PBXFileReference; lastKnownFileType = sourcecode.swift; path = MissionDetailsViewController.swift; sourceTree = "<group>"; };
		EB5883232A6B98DE003847A4 /* MissionDetailsTableViewCell.swift */ = {isa = PBXFileReference; lastKnownFileType = sourcecode.swift; path = MissionDetailsTableViewCell.swift; sourceTree = "<group>"; };
		EB5883242A6B98DE003847A4 /* MissionDetailsTableViewCell.xib */ = {isa = PBXFileReference; lastKnownFileType = file.xib; path = MissionDetailsTableViewCell.xib; sourceTree = "<group>"; };
		EB67CB932A6A7EBF0050F37D /* ImageCacheService.swift */ = {isa = PBXFileReference; lastKnownFileType = sourcecode.swift; path = ImageCacheService.swift; sourceTree = "<group>"; };
		EB73467A2A696E82007B3CD4 /* StoryBoarded.swift */ = {isa = PBXFileReference; lastKnownFileType = sourcecode.swift; path = StoryBoarded.swift; sourceTree = "<group>"; };
		EB73467D2A696EAD007B3CD4 /* UIViewControllerExtension.swift */ = {isa = PBXFileReference; lastKnownFileType = sourcecode.swift; path = UIViewControllerExtension.swift; sourceTree = "<group>"; };
		EB73467F2A696EDD007B3CD4 /* Coordinator.swift */ = {isa = PBXFileReference; lastKnownFileType = sourcecode.swift; path = Coordinator.swift; sourceTree = "<group>"; };
		EB7346812A696EE7007B3CD4 /* MainCoordinator.swift */ = {isa = PBXFileReference; lastKnownFileType = sourcecode.swift; path = MainCoordinator.swift; sourceTree = "<group>"; };
		EB7346832A696F24007B3CD4 /* BaseViewController.swift */ = {isa = PBXFileReference; lastKnownFileType = sourcecode.swift; path = BaseViewController.swift; sourceTree = "<group>"; };
		EB7346852A696F3A007B3CD4 /* TypeAliases.swift */ = {isa = PBXFileReference; lastKnownFileType = sourcecode.swift; path = TypeAliases.swift; sourceTree = "<group>"; };
		EB7346872A697196007B3CD4 /* UITableViewCellExtension.swift */ = {isa = PBXFileReference; lastKnownFileType = sourcecode.swift; path = UITableViewCellExtension.swift; sourceTree = "<group>"; };
		EB73468A2A6972AE007B3CD4 /* MissionTableViewCell.swift */ = {isa = PBXFileReference; lastKnownFileType = sourcecode.swift; path = MissionTableViewCell.swift; sourceTree = "<group>"; };
		EB73468B2A6972AE007B3CD4 /* MissionTableViewCell.xib */ = {isa = PBXFileReference; lastKnownFileType = file.xib; path = MissionTableViewCell.xib; sourceTree = "<group>"; };
		EB8748782A6AD14E003B9C4B /* MissionDetailsViewModel.swift */ = {isa = PBXFileReference; lastKnownFileType = sourcecode.swift; path = MissionDetailsViewModel.swift; sourceTree = "<group>"; };
/* End PBXFileReference section */

/* Begin PBXFrameworksBuildPhase section */
		EB039C032A696BCA006DEFC5 /* Frameworks */ = {
			isa = PBXFrameworksBuildPhase;
			buildActionMask = 2147483647;
			files = (
			);
			runOnlyForDeploymentPostprocessing = 0;
		};
/* End PBXFrameworksBuildPhase section */

/* Begin PBXGroup section */
		EB039BFD2A696BCA006DEFC5 = {
			isa = PBXGroup;
			children = (
				EB039C082A696BCA006DEFC5 /* SpaceXMission */,
				EB039C072A696BCA006DEFC5 /* Products */,
			);
			sourceTree = "<group>";
		};
		EB039C072A696BCA006DEFC5 /* Products */ = {
			isa = PBXGroup;
			children = (
				EB039C062A696BCA006DEFC5 /* SpaceXMission.app */,
			);
			name = Products;
			sourceTree = "<group>";
		};
		EB039C082A696BCA006DEFC5 /* SpaceXMission */ = {
			isa = PBXGroup;
			children = (
				EB2803012A698FF5003A8C8D /* README.md */,
				EB039C0B2A696BCA006DEFC5 /* SceneDelegate.swift */,
				EB039C092A696BCA006DEFC5 /* AppDelegate.swift */,
				EB7346792A696E70007B3CD4 /* Coordinators */,
				EB039C252A696C2A006DEFC5 /* Models */,
				EB039C242A696C26006DEFC5 /* Views */,
				EB039C232A696C17006DEFC5 /* Controllers */,
				EB039C222A696C10006DEFC5 /* Repositories */,
				EB039C212A696C08006DEFC5 /* Services */,
				EB039C1E2A696BF7006DEFC5 /* Helpers */,
				EB039C1D2A696BF0006DEFC5 /* Resources */,
			);
			path = SpaceXMission;
			sourceTree = "<group>";
		};
		EB039C1D2A696BF0006DEFC5 /* Resources */ = {
			isa = PBXGroup;
			children = (
				EB039C172A696BCA006DEFC5 /* Info.plist */,
				EB039C122A696BCA006DEFC5 /* Assets.xcassets */,
				EB2803002A698E30003A8C8D /* Localizable.strings */,
			);
			path = Resources;
			sourceTree = "<group>";
		};
		EB039C1E2A696BF7006DEFC5 /* Helpers */ = {
			isa = PBXGroup;
			children = (
				EB2802ED2A6976C8003A8C8D /* Utils */,
				EB73467C2A696EA0007B3CD4 /* Extensions */,
				EB039C1F2A696BFD006DEFC5 /* Globals */,
			);
			path = Helpers;
			sourceTree = "<group>";
		};
		EB039C1F2A696BFD006DEFC5 /* Globals */ = {
			isa = PBXGroup;
			children = (
				EB7346852A696F3A007B3CD4 /* TypeAliases.swift */,
				EB2803042A699638003A8C8D /* Functions.swift */,
			);
			path = Globals;
			sourceTree = "<group>";
		};
		EB039C212A696C08006DEFC5 /* Services */ = {
			isa = PBXGroup;
			children = (
				EB67CB922A6A7EA40050F37D /* ImageCacheService */,
				EB2802DA2A69758C003A8C8D /* NetworkService */,
			);
			path = Services;
			sourceTree = "<group>";
		};
		EB039C222A696C10006DEFC5 /* Repositories */ = {
			isa = PBXGroup;
			children = (
				EB2802F02A697938003A8C8D /* MissionRepository.swift */,
				EB28032F2A6A61A3003A8C8D /* WebImageRepositroy.swift */,
				EB2803332A6A621C003A8C8D /* RepositoryError.swift */,
			);
			path = Repositories;
			sourceTree = "<group>";
		};
		EB039C232A696C17006DEFC5 /* Controllers */ = {
			isa = PBXGroup;
			children = (
				EB7346832A696F24007B3CD4 /* BaseViewController.swift */,
				EB2802F22A697AF2003A8C8D /* MissionListViewController */,
				EB58831F2A6B9763003847A4 /* MissionDetailsViewController */,
			);
			path = Controllers;
			sourceTree = "<group>";
		};
		EB039C242A696C26006DEFC5 /* Views */ = {
			isa = PBXGroup;
			children = (
				EB039C282A696C47006DEFC5 /* CustomCells */,
				EB039C272A696C41006DEFC5 /* CustomViews */,
				EB039C262A696C33006DEFC5 /* Storyboards */,
			);
			path = Views;
			sourceTree = "<group>";
		};
		EB039C252A696C2A006DEFC5 /* Models */ = {
			isa = PBXGroup;
			children = (
				EB2802D92A697565003A8C8D /* APIModels */,
				EB2802EB2A69763B003A8C8D /* Mission.swift */,
			);
			path = Models;
			sourceTree = "<group>";
		};
		EB039C262A696C33006DEFC5 /* Storyboards */ = {
			isa = PBXGroup;
			children = (
				EB039C142A696BCA006DEFC5 /* LaunchScreen.storyboard */,
				EB039C0F2A696BCA006DEFC5 /* Main.storyboard */,
			);
			path = Storyboards;
			sourceTree = "<group>";
		};
		EB039C272A696C41006DEFC5 /* CustomViews */ = {
			isa = PBXGroup;
			children = (
				EB28032E2A6A617C003A8C8D /* WebImageView */,
			);
			path = CustomViews;
			sourceTree = "<group>";
		};
		EB039C282A696C47006DEFC5 /* CustomCells */ = {
			isa = PBXGroup;
			children = (
				EB7346892A6972A0007B3CD4 /* MissionTableViewCell */,
				EB5883202A6B9837003847A4 /* MissionDetailsTableViewCell */,
			);
			path = CustomCells;
			sourceTree = "<group>";
		};
		EB2802D92A697565003A8C8D /* APIModels */ = {
			isa = PBXGroup;
			children = (
				EB2802E92A69760A003A8C8D /* LuanchAPIQuery.swift */,
			);
			path = APIModels;
			sourceTree = "<group>";
		};
		EB2802DA2A69758C003A8C8D /* NetworkService */ = {
			isa = PBXGroup;
			children = (
				EB2802DB2A6975A7003A8C8D /* RequestManager.swift */,
				EB2802DD2A6975B6003A8C8D /* RequestMethodManager.swift */,
				EB2802DF2A6975C1003A8C8D /* RequestURLManager.swift */,
				EB2802E12A6975CF003A8C8D /* RequestQueryParamManager.swift */,
				EB2802E32A6975DD003A8C8D /* RequestHeaderManager.swift */,
				EB2802E52A6975E8003A8C8D /* RequestBodyManager.swift */,
				EB2802E72A6975F3003A8C8D /* WebService.swift */,
				EB2803352A6A622E003A8C8D /* NetworkError.swift */,
			);
			path = NetworkService;
			sourceTree = "<group>";
		};
		EB2802ED2A6976C8003A8C8D /* Utils */ = {
			isa = PBXGroup;
			children = (
				EB2802EE2A6976D0003A8C8D /* Log.swift */,
			);
			path = Utils;
			sourceTree = "<group>";
		};
		EB2802F22A697AF2003A8C8D /* MissionListViewController */ = {
			isa = PBXGroup;
			children = (
				EB039C0D2A696BCA006DEFC5 /* MissionListViewController.swift */,
				EB2802F32A697B0E003A8C8D /* MissionListViewModel.swift */,
			);
			path = MissionListViewController;
			sourceTree = "<group>";
		};
		EB28032E2A6A617C003A8C8D /* WebImageView */ = {
			isa = PBXGroup;
			children = (
				EB28032C2A6A615F003A8C8D /* WebImageView.swift */,
				EB2803372A6A63C5003A8C8D /* WebImageViewModel.swift */,
			);
			path = WebImageView;
			sourceTree = "<group>";
		};
		EB58831F2A6B9763003847A4 /* MissionDetailsViewController */ = {
			isa = PBXGroup;
			children = (
				EB58831D2A6B974F003847A4 /* MissionDetailsViewController.swift */,
				EB8748782A6AD14E003B9C4B /* MissionDetailsViewModel.swift */,
			);
			path = MissionDetailsViewController;
			sourceTree = "<group>";
		};
		EB5883202A6B9837003847A4 /* MissionDetailsTableViewCell */ = {
			isa = PBXGroup;
			children = (
				EB5883232A6B98DE003847A4 /* MissionDetailsTableViewCell.swift */,
				EB5883242A6B98DE003847A4 /* MissionDetailsTableViewCell.xib */,
			);
			path = MissionDetailsTableViewCell;
			sourceTree = "<group>";
		};
		EB67CB922A6A7EA40050F37D /* ImageCacheService */ = {
			isa = PBXGroup;
			children = (
				EB67CB932A6A7EBF0050F37D /* ImageCacheService.swift */,
			);
			path = ImageCacheService;
			sourceTree = "<group>";
		};
		EB7346792A696E70007B3CD4 /* Coordinators */ = {
			isa = PBXGroup;
			children = (
				EB73467A2A696E82007B3CD4 /* StoryBoarded.swift */,
				EB73467F2A696EDD007B3CD4 /* Coordinator.swift */,
				EB7346812A696EE7007B3CD4 /* MainCoordinator.swift */,
			);
			path = Coordinators;
			sourceTree = "<group>";
		};
		EB73467C2A696EA0007B3CD4 /* Extensions */ = {
			isa = PBXGroup;
			children = (
				EB73467D2A696EAD007B3CD4 /* UIViewControllerExtension.swift */,
				EB7346872A697196007B3CD4 /* UITableViewCellExtension.swift */,
				EB2802FA2A698DF6003A8C8D /* StringExtension.swift */,
				EB2803022A699390003A8C8D /* ArrayExtension.swift */,
			);
			path = Extensions;
			sourceTree = "<group>";
		};
		EB7346892A6972A0007B3CD4 /* MissionTableViewCell */ = {
			isa = PBXGroup;
			children = (
				EB73468A2A6972AE007B3CD4 /* MissionTableViewCell.swift */,
				EB73468B2A6972AE007B3CD4 /* MissionTableViewCell.xib */,
			);
			path = MissionTableViewCell;
			sourceTree = "<group>";
		};
/* End PBXGroup section */

/* Begin PBXNativeTarget section */
		EB039C052A696BCA006DEFC5 /* SpaceXMission */ = {
			isa = PBXNativeTarget;
			buildConfigurationList = EB039C1A2A696BCA006DEFC5 /* Build configuration list for PBXNativeTarget "SpaceXMission" */;
			buildPhases = (
				EB039C022A696BCA006DEFC5 /* Sources */,
				EB039C032A696BCA006DEFC5 /* Frameworks */,
				EB039C042A696BCA006DEFC5 /* Resources */,
			);
			buildRules = (
			);
			dependencies = (
			);
			name = SpaceXMission;
			productName = SpaceXMission;
			productReference = EB039C062A696BCA006DEFC5 /* SpaceXMission.app */;
			productType = "com.apple.product-type.application";
		};
/* End PBXNativeTarget section */

/* Begin PBXProject section */
		EB039BFE2A696BCA006DEFC5 /* Project object */ = {
			isa = PBXProject;
			attributes = {
				BuildIndependentTargetsInParallel = 1;
				LastSwiftUpdateCheck = 1430;
				LastUpgradeCheck = 1430;
				TargetAttributes = {
					EB039C052A696BCA006DEFC5 = {
						CreatedOnToolsVersion = 14.3.1;
					};
				};
			};
			buildConfigurationList = EB039C012A696BCA006DEFC5 /* Build configuration list for PBXProject "SpaceXMission" */;
			compatibilityVersion = "Xcode 14.0";
			developmentRegion = en;
			hasScannedForEncodings = 0;
			knownRegions = (
				en,
				Base,
			);
			mainGroup = EB039BFD2A696BCA006DEFC5;
			productRefGroup = EB039C072A696BCA006DEFC5 /* Products */;
			projectDirPath = "";
			projectRoot = "";
			targets = (
				EB039C052A696BCA006DEFC5 /* SpaceXMission */,
			);
		};
/* End PBXProject section */

/* Begin PBXResourcesBuildPhase section */
		EB039C042A696BCA006DEFC5 /* Resources */ = {
			isa = PBXResourcesBuildPhase;
			buildActionMask = 2147483647;
			files = (
				EB2802FE2A698E30003A8C8D /* Localizable.strings in Resources */,
				EB039C162A696BCA006DEFC5 /* LaunchScreen.storyboard in Resources */,
				EB039C132A696BCA006DEFC5 /* Assets.xcassets in Resources */,
				EB73468D2A6972AE007B3CD4 /* MissionTableViewCell.xib in Resources */,
				EB5883262A6B98DE003847A4 /* MissionDetailsTableViewCell.xib in Resources */,
				EB039C112A696BCA006DEFC5 /* Main.storyboard in Resources */,
			);
			runOnlyForDeploymentPostprocessing = 0;
		};
/* End PBXResourcesBuildPhase section */

/* Begin PBXSourcesBuildPhase section */
		EB039C022A696BCA006DEFC5 /* Sources */ = {
			isa = PBXSourcesBuildPhase;
			buildActionMask = 2147483647;
			files = (
				EB5883252A6B98DE003847A4 /* MissionDetailsTableViewCell.swift in Sources */,
				EB2803342A6A621C003A8C8D /* RepositoryError.swift in Sources */,
				EB2803032A699390003A8C8D /* ArrayExtension.swift in Sources */,
				EB2802E82A6975F3003A8C8D /* WebService.swift in Sources */,
				EB039C0E2A696BCA006DEFC5 /* MissionListViewController.swift in Sources */,
				EB58831E2A6B974F003847A4 /* MissionDetailsViewController.swift in Sources */,
				EB2802EA2A69760A003A8C8D /* LuanchAPIQuery.swift in Sources */,
				EB2803302A6A61A3003A8C8D /* WebImageRepositroy.swift in Sources */,
				EB2802E22A6975CF003A8C8D /* RequestQueryParamManager.swift in Sources */,
				EB2803052A699638003A8C8D /* Functions.swift in Sources */,
				EB2802E42A6975DD003A8C8D /* RequestHeaderManager.swift in Sources */,
				EB7346822A696EE7007B3CD4 /* MainCoordinator.swift in Sources */,
				EB2802F12A697938003A8C8D /* MissionRepository.swift in Sources */,
				EB2802E62A6975E8003A8C8D /* RequestBodyManager.swift in Sources */,
				EB039C0A2A696BCA006DEFC5 /* AppDelegate.swift in Sources */,
				EB2802EF2A6976D0003A8C8D /* Log.swift in Sources */,
				EB2802DC2A6975A7003A8C8D /* RequestManager.swift in Sources */,
				EB8748792A6AD14E003B9C4B /* MissionDetailsViewModel.swift in Sources */,
				EB7346862A696F3A007B3CD4 /* TypeAliases.swift in Sources */,
				EB73468C2A6972AE007B3CD4 /* MissionTableViewCell.swift in Sources */,
				EB2803362A6A622E003A8C8D /* NetworkError.swift in Sources */,
				EB2802F42A697B0E003A8C8D /* MissionListViewModel.swift in Sources */,
				EB7346802A696EDD007B3CD4 /* Coordinator.swift in Sources */,
				EB73467E2A696EAD007B3CD4 /* UIViewControllerExtension.swift in Sources */,
				EB2802DE2A6975B6003A8C8D /* RequestMethodManager.swift in Sources */,
				EB7346842A696F24007B3CD4 /* BaseViewController.swift in Sources */,
				EB28032D2A6A615F003A8C8D /* WebImageView.swift in Sources */,
				EB2803382A6A63C5003A8C8D /* WebImageViewModel.swift in Sources */,
				EB7346882A697196007B3CD4 /* UITableViewCellExtension.swift in Sources */,
				EB67CB942A6A7EBF0050F37D /* ImageCacheService.swift in Sources */,
				EB2802E02A6975C1003A8C8D /* RequestURLManager.swift in Sources */,
				EB2802FB2A698DF6003A8C8D /* StringExtension.swift in Sources */,
				EB039C0C2A696BCA006DEFC5 /* SceneDelegate.swift in Sources */,
				EB2802EC2A69763B003A8C8D /* Mission.swift in Sources */,
				EB73467B2A696E82007B3CD4 /* StoryBoarded.swift in Sources */,
			);
			runOnlyForDeploymentPostprocessing = 0;
		};
/* End PBXSourcesBuildPhase section */

/* Begin PBXVariantGroup section */
		EB039C0F2A696BCA006DEFC5 /* Main.storyboard */ = {
			isa = PBXVariantGroup;
			children = (
				EB039C102A696BCA006DEFC5 /* Base */,
			);
			name = Main.storyboard;
			sourceTree = "<group>";
		};
		EB039C142A696BCA006DEFC5 /* LaunchScreen.storyboard */ = {
			isa = PBXVariantGroup;
			children = (
				EB039C152A696BCA006DEFC5 /* Base */,
			);
			name = LaunchScreen.storyboard;
			sourceTree = "<group>";
		};
		EB2803002A698E30003A8C8D /* Localizable.strings */ = {
			isa = PBXVariantGroup;
			children = (
				EB2802FF2A698E30003A8C8D /* en */,
			);
			name = Localizable.strings;
			sourceTree = "<group>";
		};
/* End PBXVariantGroup section */

/* Begin XCBuildConfiguration section */
		EB039C182A696BCA006DEFC5 /* Debug */ = {
			isa = XCBuildConfiguration;
			buildSettings = {
				ALWAYS_SEARCH_USER_PATHS = NO;
				CLANG_ANALYZER_NONNULL = YES;
				CLANG_ANALYZER_NUMBER_OBJECT_CONVERSION = YES_AGGRESSIVE;
				CLANG_CXX_LANGUAGE_STANDARD = "gnu++20";
				CLANG_ENABLE_MODULES = YES;
				CLANG_ENABLE_OBJC_ARC = YES;
				CLANG_ENABLE_OBJC_WEAK = YES;
				CLANG_WARN_BLOCK_CAPTURE_AUTORELEASING = YES;
				CLANG_WARN_BOOL_CONVERSION = YES;
				CLANG_WARN_COMMA = YES;
				CLANG_WARN_CONSTANT_CONVERSION = YES;
				CLANG_WARN_DEPRECATED_OBJC_IMPLEMENTATIONS = YES;
				CLANG_WARN_DIRECT_OBJC_ISA_USAGE = YES_ERROR;
				CLANG_WARN_DOCUMENTATION_COMMENTS = YES;
				CLANG_WARN_EMPTY_BODY = YES;
				CLANG_WARN_ENUM_CONVERSION = YES;
				CLANG_WARN_INFINITE_RECURSION = YES;
				CLANG_WARN_INT_CONVERSION = YES;
				CLANG_WARN_NON_LITERAL_NULL_CONVERSION = YES;
				CLANG_WARN_OBJC_IMPLICIT_RETAIN_SELF = YES;
				CLANG_WARN_OBJC_LITERAL_CONVERSION = YES;
				CLANG_WARN_OBJC_ROOT_CLASS = YES_ERROR;
				CLANG_WARN_QUOTED_INCLUDE_IN_FRAMEWORK_HEADER = YES;
				CLANG_WARN_RANGE_LOOP_ANALYSIS = YES;
				CLANG_WARN_STRICT_PROTOTYPES = YES;
				CLANG_WARN_SUSPICIOUS_MOVE = YES;
				CLANG_WARN_UNGUARDED_AVAILABILITY = YES_AGGRESSIVE;
				CLANG_WARN_UNREACHABLE_CODE = YES;
				CLANG_WARN__DUPLICATE_METHOD_MATCH = YES;
				COPY_PHASE_STRIP = NO;
				DEBUG_INFORMATION_FORMAT = dwarf;
				ENABLE_STRICT_OBJC_MSGSEND = YES;
				ENABLE_TESTABILITY = YES;
				GCC_C_LANGUAGE_STANDARD = gnu11;
				GCC_DYNAMIC_NO_PIC = NO;
				GCC_NO_COMMON_BLOCKS = YES;
				GCC_OPTIMIZATION_LEVEL = 0;
				GCC_PREPROCESSOR_DEFINITIONS = (
					"DEBUG=1",
					"$(inherited)",
				);
				GCC_WARN_64_TO_32_BIT_CONVERSION = YES;
				GCC_WARN_ABOUT_RETURN_TYPE = YES_ERROR;
				GCC_WARN_UNDECLARED_SELECTOR = YES;
				GCC_WARN_UNINITIALIZED_AUTOS = YES_AGGRESSIVE;
				GCC_WARN_UNUSED_FUNCTION = YES;
				GCC_WARN_UNUSED_VARIABLE = YES;
				IPHONEOS_DEPLOYMENT_TARGET = 16.4;
				MTL_ENABLE_DEBUG_INFO = INCLUDE_SOURCE;
				MTL_FAST_MATH = YES;
				ONLY_ACTIVE_ARCH = YES;
				SDKROOT = iphoneos;
				SWIFT_ACTIVE_COMPILATION_CONDITIONS = DEBUG;
				SWIFT_OPTIMIZATION_LEVEL = "-Onone";
			};
			name = Debug;
		};
		EB039C192A696BCA006DEFC5 /* Release */ = {
			isa = XCBuildConfiguration;
			buildSettings = {
				ALWAYS_SEARCH_USER_PATHS = NO;
				CLANG_ANALYZER_NONNULL = YES;
				CLANG_ANALYZER_NUMBER_OBJECT_CONVERSION = YES_AGGRESSIVE;
				CLANG_CXX_LANGUAGE_STANDARD = "gnu++20";
				CLANG_ENABLE_MODULES = YES;
				CLANG_ENABLE_OBJC_ARC = YES;
				CLANG_ENABLE_OBJC_WEAK = YES;
				CLANG_WARN_BLOCK_CAPTURE_AUTORELEASING = YES;
				CLANG_WARN_BOOL_CONVERSION = YES;
				CLANG_WARN_COMMA = YES;
				CLANG_WARN_CONSTANT_CONVERSION = YES;
				CLANG_WARN_DEPRECATED_OBJC_IMPLEMENTATIONS = YES;
				CLANG_WARN_DIRECT_OBJC_ISA_USAGE = YES_ERROR;
				CLANG_WARN_DOCUMENTATION_COMMENTS = YES;
				CLANG_WARN_EMPTY_BODY = YES;
				CLANG_WARN_ENUM_CONVERSION = YES;
				CLANG_WARN_INFINITE_RECURSION = YES;
				CLANG_WARN_INT_CONVERSION = YES;
				CLANG_WARN_NON_LITERAL_NULL_CONVERSION = YES;
				CLANG_WARN_OBJC_IMPLICIT_RETAIN_SELF = YES;
				CLANG_WARN_OBJC_LITERAL_CONVERSION = YES;
				CLANG_WARN_OBJC_ROOT_CLASS = YES_ERROR;
				CLANG_WARN_QUOTED_INCLUDE_IN_FRAMEWORK_HEADER = YES;
				CLANG_WARN_RANGE_LOOP_ANALYSIS = YES;
				CLANG_WARN_STRICT_PROTOTYPES = YES;
				CLANG_WARN_SUSPICIOUS_MOVE = YES;
				CLANG_WARN_UNGUARDED_AVAILABILITY = YES_AGGRESSIVE;
				CLANG_WARN_UNREACHABLE_CODE = YES;
				CLANG_WARN__DUPLICATE_METHOD_MATCH = YES;
				COPY_PHASE_STRIP = NO;
				DEBUG_INFORMATION_FORMAT = "dwarf-with-dsym";
				ENABLE_NS_ASSERTIONS = NO;
				ENABLE_STRICT_OBJC_MSGSEND = YES;
				GCC_C_LANGUAGE_STANDARD = gnu11;
				GCC_NO_COMMON_BLOCKS = YES;
				GCC_WARN_64_TO_32_BIT_CONVERSION = YES;
				GCC_WARN_ABOUT_RETURN_TYPE = YES_ERROR;
				GCC_WARN_UNDECLARED_SELECTOR = YES;
				GCC_WARN_UNINITIALIZED_AUTOS = YES_AGGRESSIVE;
				GCC_WARN_UNUSED_FUNCTION = YES;
				GCC_WARN_UNUSED_VARIABLE = YES;
				IPHONEOS_DEPLOYMENT_TARGET = 16.4;
				MTL_ENABLE_DEBUG_INFO = NO;
				MTL_FAST_MATH = YES;
				SDKROOT = iphoneos;
				SWIFT_COMPILATION_MODE = wholemodule;
				SWIFT_OPTIMIZATION_LEVEL = "-O";
				VALIDATE_PRODUCT = YES;
			};
			name = Release;
		};
		EB039C1B2A696BCA006DEFC5 /* Debug */ = {
			isa = XCBuildConfiguration;
			buildSettings = {
				ASSETCATALOG_COMPILER_APPICON_NAME = AppIcon;
				ASSETCATALOG_COMPILER_GLOBAL_ACCENT_COLOR_NAME = AccentColor;
				CODE_SIGN_STYLE = Automatic;
				CURRENT_PROJECT_VERSION = 1;
				DEVELOPMENT_TEAM = M4K2UP2N9Q;
				GENERATE_INFOPLIST_FILE = YES;
				INFOPLIST_FILE = SpaceXMission/Resources/Info.plist;
				INFOPLIST_KEY_UIApplicationSupportsIndirectInputEvents = YES;
				INFOPLIST_KEY_UILaunchStoryboardName = LaunchScreen;
				INFOPLIST_KEY_UISupportedInterfaceOrientations_iPad = "UIInterfaceOrientationPortrait UIInterfaceOrientationPortraitUpsideDown UIInterfaceOrientationLandscapeLeft UIInterfaceOrientationLandscapeRight";
				INFOPLIST_KEY_UISupportedInterfaceOrientations_iPhone = "UIInterfaceOrientationPortrait UIInterfaceOrientationLandscapeLeft UIInterfaceOrientationLandscapeRight";
				LD_RUNPATH_SEARCH_PATHS = (
					"$(inherited)",
					"@executable_path/Frameworks",
				);
				MARKETING_VERSION = 1.0;
				PRODUCT_BUNDLE_IDENTIFIER = com.AmirReza.SpaceXMisson.SpaceXMission;
				PRODUCT_NAME = "$(TARGET_NAME)";
				SWIFT_EMIT_LOC_STRINGS = YES;
				SWIFT_VERSION = 5.0;
				TARGETED_DEVICE_FAMILY = "1,2";
			};
			name = Debug;
		};
		EB039C1C2A696BCA006DEFC5 /* Release */ = {
			isa = XCBuildConfiguration;
			buildSettings = {
				ASSETCATALOG_COMPILER_APPICON_NAME = AppIcon;
				ASSETCATALOG_COMPILER_GLOBAL_ACCENT_COLOR_NAME = AccentColor;
				CODE_SIGN_STYLE = Automatic;
				CURRENT_PROJECT_VERSION = 1;
				DEVELOPMENT_TEAM = M4K2UP2N9Q;
				GENERATE_INFOPLIST_FILE = YES;
				INFOPLIST_FILE = SpaceXMission/Resources/Info.plist;
				INFOPLIST_KEY_UIApplicationSupportsIndirectInputEvents = YES;
				INFOPLIST_KEY_UILaunchStoryboardName = LaunchScreen;
				INFOPLIST_KEY_UISupportedInterfaceOrientations_iPad = "UIInterfaceOrientationPortrait UIInterfaceOrientationPortraitUpsideDown UIInterfaceOrientationLandscapeLeft UIInterfaceOrientationLandscapeRight";
				INFOPLIST_KEY_UISupportedInterfaceOrientations_iPhone = "UIInterfaceOrientationPortrait UIInterfaceOrientationLandscapeLeft UIInterfaceOrientationLandscapeRight";
				LD_RUNPATH_SEARCH_PATHS = (
					"$(inherited)",
					"@executable_path/Frameworks",
				);
				MARKETING_VERSION = 1.0;
				PRODUCT_BUNDLE_IDENTIFIER = com.AmirReza.SpaceXMisson.SpaceXMission;
				PRODUCT_NAME = "$(TARGET_NAME)";
				SWIFT_EMIT_LOC_STRINGS = YES;
				SWIFT_VERSION = 5.0;
				TARGETED_DEVICE_FAMILY = "1,2";
			};
			name = Release;
		};
/* End XCBuildConfiguration section */

/* Begin XCConfigurationList section */
		EB039C012A696BCA006DEFC5 /* Build configuration list for PBXProject "SpaceXMission" */ = {
			isa = XCConfigurationList;
			buildConfigurations = (
				EB039C182A696BCA006DEFC5 /* Debug */,
				EB039C192A696BCA006DEFC5 /* Release */,
			);
			defaultConfigurationIsVisible = 0;
			defaultConfigurationName = Release;
		};
		EB039C1A2A696BCA006DEFC5 /* Build configuration list for PBXNativeTarget "SpaceXMission" */ = {
			isa = XCConfigurationList;
			buildConfigurations = (
				EB039C1B2A696BCA006DEFC5 /* Debug */,
				EB039C1C2A696BCA006DEFC5 /* Release */,
			);
			defaultConfigurationIsVisible = 0;
			defaultConfigurationName = Release;
		};
/* End XCConfigurationList section */
	};
	rootObject = EB039BFE2A696BCA006DEFC5 /* Project object */;
}
