// !$*UTF8*$!
{
	archiveVersion = 1;
	classes = {
	};
	objectVersion = 56;
	objects = {

/* Begin PBXBuildFile section */
		EB039C0A2A696BCA006DEFC5 /* AppDelegate.swift in Sources */ = {isa = PBXBuildFile; fileRef = EB039C092A696BCA006DEFC5 /* AppDelegate.swift */; };
		EB039C0C2A696BCA006DEFC5 /* SceneDelegate.swift in Sources */ = {isa = PBXBuildFile; fileRef = EB039C0B2A696BCA006DEFC5 /* SceneDelegate.swift */; };
		EB039C0E2A696BCA006DEFC5 /* MissionListViewController.swift in Sources */ = {isa = PBXBuildFile; fileRef = EB039C0D2A696BCA006DEFC5 /* MissionListViewController.swift */; };
		EB039C112A696BCA006DEFC5 /* Main.storyboard in Resources */ = {isa = PBXBuildFile; fileRef = EB039C0F2A696BCA006DEFC5 /* Main.storyboard */; };
		EB039C132A696BCA006DEFC5 /* Assets.xcassets in Resources */ = {isa = PBXBuildFile; fileRef = EB039C122A696BCA006DEFC5 /* Assets.xcassets */; };
		EB039C162A696BCA006DEFC5 /* LaunchScreen.storyboard in Resources */ = {isa = PBXBuildFile; fileRef = EB039C142A696BCA006DEFC5 /* LaunchScreen.storyboard */; };
		EB73467B2A696E82007B3CD4 /* StoryBoarded.swift in Sources */ = {isa = PBXBuildFile; fileRef = EB73467A2A696E82007B3CD4 /* StoryBoarded.swift */; };
		EB73467E2A696EAD007B3CD4 /* UIViewControllerExtension.swift in Sources */ = {isa = PBXBuildFile; fileRef = EB73467D2A696EAD007B3CD4 /* UIViewControllerExtension.swift */; };
		EB7346802A696EDD007B3CD4 /* Coordinator.swift in Sources */ = {isa = PBXBuildFile; fileRef = EB73467F2A696EDD007B3CD4 /* Coordinator.swift */; };
		EB7346822A696EE7007B3CD4 /* MainCoordinator.swift in Sources */ = {isa = PBXBuildFile; fileRef = EB7346812A696EE7007B3CD4 /* MainCoordinator.swift */; };
		EB7346842A696F24007B3CD4 /* BaseViewController.swift in Sources */ = {isa = PBXBuildFile; fileRef = EB7346832A696F24007B3CD4 /* BaseViewController.swift */; };
		EB7346862A696F3A007B3CD4 /* TypeAliases.swift in Sources */ = {isa = PBXBuildFile; fileRef = EB7346852A696F3A007B3CD4 /* TypeAliases.swift */; };
		EB7346882A697196007B3CD4 /* UITableViewCellExtension.swift in Sources */ = {isa = PBXBuildFile; fileRef = EB7346872A697196007B3CD4 /* UITableViewCellExtension.swift */; };
/* End PBXBuildFile section */

/* Begin PBXFileReference section */
		EB039C062A696BCA006DEFC5 /* SpaceXMission.app */ = {isa = PBXFileReference; explicitFileType = wrapper.application; includeInIndex = 0; path = SpaceXMission.app; sourceTree = BUILT_PRODUCTS_DIR; };
		EB039C092A696BCA006DEFC5 /* AppDelegate.swift */ = {isa = PBXFileReference; lastKnownFileType = sourcecode.swift; path = AppDelegate.swift; sourceTree = "<group>"; };
		EB039C0B2A696BCA006DEFC5 /* SceneDelegate.swift */ = {isa = PBXFileReference; lastKnownFileType = sourcecode.swift; path = SceneDelegate.swift; sourceTree = "<group>"; };
		EB039C0D2A696BCA006DEFC5 /* MissionListViewController.swift */ = {isa = PBXFileReference; lastKnownFileType = sourcecode.swift; path = MissionListViewController.swift; sourceTree = "<group>"; };
		EB039C102A696BCA006DEFC5 /* Base */ = {isa = PBXFileReference; lastKnownFileType = file.storyboard; name = Base; path = Base.lproj/Main.storyboard; sourceTree = "<group>"; };
		EB039C122A696BCA006DEFC5 /* Assets.xcassets */ = {isa = PBXFileReference; lastKnownFileType = folder.assetcatalog; path = Assets.xcassets; sourceTree = "<group>"; };
		EB039C152A696BCA006DEFC5 /* Base */ = {isa = PBXFileReference; lastKnownFileType = file.storyboard; name = Base; path = Base.lproj/LaunchScreen.storyboard; sourceTree = "<group>"; };
		EB039C172A696BCA006DEFC5 /* Info.plist */ = {isa = PBXFileReference; lastKnownFileType = text.plist.xml; path = Info.plist; sourceTree = "<group>"; };
		EB73467A2A696E82007B3CD4 /* StoryBoarded.swift */ = {isa = PBXFileReference; lastKnownFileType = sourcecode.swift; path = StoryBoarded.swift; sourceTree = "<group>"; };
		EB73467D2A696EAD007B3CD4 /* UIViewControllerExtension.swift */ = {isa = PBXFileReference; lastKnownFileType = sourcecode.swift; path = UIViewControllerExtension.swift; sourceTree = "<group>"; };
		EB73467F2A696EDD007B3CD4 /* Coordinator.swift */ = {isa = PBXFileReference; lastKnownFileType = sourcecode.swift; path = Coordinator.swift; sourceTree = "<group>"; };
		EB7346812A696EE7007B3CD4 /* MainCoordinator.swift */ = {isa = PBXFileReference; lastKnownFileType = sourcecode.swift; path = MainCoordinator.swift; sourceTree = "<group>"; };
		EB7346832A696F24007B3CD4 /* BaseViewController.swift */ = {isa = PBXFileReference; lastKnownFileType = sourcecode.swift; path = BaseViewController.swift; sourceTree = "<group>"; };
		EB7346852A696F3A007B3CD4 /* TypeAliases.swift */ = {isa = PBXFileReference; lastKnownFileType = sourcecode.swift; path = TypeAliases.swift; sourceTree = "<group>"; };
		EB7346872A697196007B3CD4 /* UITableViewCellExtension.swift */ = {isa = PBXFileReference; lastKnownFileType = sourcecode.swift; path = UITableViewCellExtension.swift; sourceTree = "<group>"; };
/* End PBXFileReference section */

/* Begin PBXFrameworksBuildPhase section */
		EB039C032A696BCA006DEFC5 /* Frameworks */ = {
			isa = PBXFrameworksBuildPhase;
			buildActionMask = 2147483647;
			files = (
			);
			runOnlyForDeploymentPostprocessing = 0;
		};
/* End PBXFrameworksBuildPhase section */

/* Begin PBXGroup section */
		EB039BFD2A696BCA006DEFC5 = {
			isa = PBXGroup;
			children = (
				EB039C082A696BCA006DEFC5 /* SpaceXMission */,
				EB039C072A696BCA006DEFC5 /* Products */,
			);
			sourceTree = "<group>";
		};
		EB039C072A696BCA006DEFC5 /* Products */ = {
			isa = PBXGroup;
			children = (
				EB039C062A696BCA006DEFC5 /* SpaceXMission.app */,
			);
			name = Products;
			sourceTree = "<group>";
		};
		EB039C082A696BCA006DEFC5 /* SpaceXMission */ = {
			isa = PBXGroup;
			children = (
				EB039C0B2A696BCA006DEFC5 /* SceneDelegate.swift */,
				EB039C092A696BCA006DEFC5 /* AppDelegate.swift */,
				EB7346792A696E70007B3CD4 /* Coordinators */,
				EB039C252A696C2A006DEFC5 /* Models */,
				EB039C242A696C26006DEFC5 /* Views */,
				EB039C232A696C17006DEFC5 /* Controllers */,
				EB039C222A696C10006DEFC5 /* Repositories */,
				EB039C212A696C08006DEFC5 /* Services */,
				EB039C1E2A696BF7006DEFC5 /* Helpers */,
				EB039C1D2A696BF0006DEFC5 /* Resources */,
			);
			path = SpaceXMission;
			sourceTree = "<group>";
		};
		EB039C1D2A696BF0006DEFC5 /* Resources */ = {
			isa = PBXGroup;
			children = (
				EB039C172A696BCA006DEFC5 /* Info.plist */,
				EB039C122A696BCA006DEFC5 /* Assets.xcassets */,
			);
			path = Resources;
			sourceTree = "<group>";
		};
		EB039C1E2A696BF7006DEFC5 /* Helpers */ = {
			isa = PBXGroup;
			children = (
				EB73467C2A696EA0007B3CD4 /* Extensions */,
				EB039C1F2A696BFD006DEFC5 /* Globals */,
			);
			path = Helpers;
			sourceTree = "<group>";
		};
		EB039C1F2A696BFD006DEFC5 /* Globals */ = {
			isa = PBXGroup;
			children = (
				EB7346852A696F3A007B3CD4 /* TypeAliases.swift */,
			);
			path = Globals;
			sourceTree = "<group>";
		};
		EB039C212A696C08006DEFC5 /* Services */ = {
			isa = PBXGroup;
			children = (
			);
			path = Services;
			sourceTree = "<group>";
		};
		EB039C222A696C10006DEFC5 /* Repositories */ = {
			isa = PBXGroup;
			children = (
			);
			path = Repositories;
			sourceTree = "<group>";
		};
		EB039C232A696C17006DEFC5 /* Controllers */ = {
			isa = PBXGroup;
			children = (
				EB7346832A696F24007B3CD4 /* BaseViewController.swift */,
				EB039C0D2A696BCA006DEFC5 /* MissionListViewController.swift */,
			);
			path = Controllers;
			sourceTree = "<group>";
		};
		EB039C242A696C26006DEFC5 /* Views */ = {
			isa = PBXGroup;
			children = (
				EB039C282A696C47006DEFC5 /* CustomCells */,
				EB039C272A696C41006DEFC5 /* CustomViews */,
				EB039C262A696C33006DEFC5 /* Storyboards */,
			);
			path = Views;
			sourceTree = "<group>";
		};
		EB039C252A696C2A006DEFC5 /* Models */ = {
			isa = PBXGroup;
			children = (
			);
			path = Models;
			sourceTree = "<group>";
		};
		EB039C262A696C33006DEFC5 /* Storyboards */ = {
			isa = PBXGroup;
			children = (
				EB039C142A696BCA006DEFC5 /* LaunchScreen.storyboard */,
				EB039C0F2A696BCA006DEFC5 /* Main.storyboard */,
			);
			path = Storyboards;
			sourceTree = "<group>";
		};
		EB039C272A696C41006DEFC5 /* CustomViews */ = {
			isa = PBXGroup;
			children = (
			);
			path = CustomViews;
			sourceTree = "<group>";
		};
		EB039C282A696C47006DEFC5 /* CustomCells */ = {
			isa = PBXGroup;
			children = (
			);
			path = CustomCells;
			sourceTree = "<group>";
		};
		EB7346792A696E70007B3CD4 /* Coordinators */ = {
			isa = PBXGroup;
			children = (
				EB73467A2A696E82007B3CD4 /* StoryBoarded.swift */,
				EB73467F2A696EDD007B3CD4 /* Coordinator.swift */,
				EB7346812A696EE7007B3CD4 /* MainCoordinator.swift */,
			);
			path = Coordinators;
			sourceTree = "<group>";
		};
		EB73467C2A696EA0007B3CD4 /* Extensions */ = {
			isa = PBXGroup;
			children = (
				EB73467D2A696EAD007B3CD4 /* UIViewControllerExtension.swift */,
				EB7346872A697196007B3CD4 /* UITableViewCellExtension.swift */,
			);
			path = Extensions;
			sourceTree = "<group>";
		};
/* End PBXGroup section */

/* Begin PBXNativeTarget section */
		EB039C052A696BCA006DEFC5 /* SpaceXMission */ = {
			isa = PBXNativeTarget;
			buildConfigurationList = EB039C1A2A696BCA006DEFC5 /* Build configuration list for PBXNativeTarget "SpaceXMission" */;
			buildPhases = (
				EB039C022A696BCA006DEFC5 /* Sources */,
				EB039C032A696BCA006DEFC5 /* Frameworks */,
				EB039C042A696BCA006DEFC5 /* Resources */,
			);
			buildRules = (
			);
			dependencies = (
			);
			name = SpaceXMission;
			productName = SpaceXMission;
			productReference = EB039C062A696BCA006DEFC5 /* SpaceXMission.app */;
			productType = "com.apple.product-type.application";
		};
/* End PBXNativeTarget section */

/* Begin PBXProject section */
		EB039BFE2A696BCA006DEFC5 /* Project object */ = {
			isa = PBXProject;
			attributes = {
				BuildIndependentTargetsInParallel = 1;
				LastSwiftUpdateCheck = 1430;
				LastUpgradeCheck = 1430;
				TargetAttributes = {
					EB039C052A696BCA006DEFC5 = {
						CreatedOnToolsVersion = 14.3.1;
					};
				};
			};
			buildConfigurationList = EB039C012A696BCA006DEFC5 /* Build configuration list for PBXProject "SpaceXMission" */;
			compatibilityVersion = "Xcode 14.0";
			developmentRegion = en;
			hasScannedForEncodings = 0;
			knownRegions = (
				en,
				Base,
			);
			mainGroup = EB039BFD2A696BCA006DEFC5;
			productRefGroup = EB039C072A696BCA006DEFC5 /* Products */;
			projectDirPath = "";
			projectRoot = "";
			targets = (
				EB039C052A696BCA006DEFC5 /* SpaceXMission */,
			);
		};
/* End PBXProject section */

/* Begin PBXResourcesBuildPhase section */
		EB039C042A696BCA006DEFC5 /* Resources */ = {
			isa = PBXResourcesBuildPhase;
			buildActionMask = 2147483647;
			files = (
				EB039C162A696BCA006DEFC5 /* LaunchScreen.storyboard in Resources */,
				EB039C132A696BCA006DEFC5 /* Assets.xcassets in Resources */,
				EB039C112A696BCA006DEFC5 /* Main.storyboard in Resources */,
			);
			runOnlyForDeploymentPostprocessing = 0;
		};
/* End PBXResourcesBuildPhase section */

/* Begin PBXSourcesBuildPhase section */
		EB039C022A696BCA006DEFC5 /* Sources */ = {
			isa = PBXSourcesBuildPhase;
			buildActionMask = 2147483647;
			files = (
				EB039C0E2A696BCA006DEFC5 /* MissionListViewController.swift in Sources */,
				EB7346822A696EE7007B3CD4 /* MainCoordinator.swift in Sources */,
				EB039C0A2A696BCA006DEFC5 /* AppDelegate.swift in Sources */,
				EB7346862A696F3A007B3CD4 /* TypeAliases.swift in Sources */,
				EB7346802A696EDD007B3CD4 /* Coordinator.swift in Sources */,
				EB73467E2A696EAD007B3CD4 /* UIViewControllerExtension.swift in Sources */,
				EB7346842A696F24007B3CD4 /* BaseViewController.swift in Sources */,
				EB7346882A697196007B3CD4 /* UITableViewCellExtension.swift in Sources */,
				EB039C0C2A696BCA006DEFC5 /* SceneDelegate.swift in Sources */,
				EB73467B2A696E82007B3CD4 /* StoryBoarded.swift in Sources */,
			);
			runOnlyForDeploymentPostprocessing = 0;
		};
/* End PBXSourcesBuildPhase section */

/* Begin PBXVariantGroup section */
		EB039C0F2A696BCA006DEFC5 /* Main.storyboard */ = {
			isa = PBXVariantGroup;
			children = (
				EB039C102A696BCA006DEFC5 /* Base */,
			);
			name = Main.storyboard;
			sourceTree = "<group>";
		};
		EB039C142A696BCA006DEFC5 /* LaunchScreen.storyboard */ = {
			isa = PBXVariantGroup;
			children = (
				EB039C152A696BCA006DEFC5 /* Base */,
			);
			name = LaunchScreen.storyboard;
			sourceTree = "<group>";
		};
/* End PBXVariantGroup section */

/* Begin XCBuildConfiguration section */
		EB039C182A696BCA006DEFC5 /* Debug */ = {
			isa = XCBuildConfiguration;
			buildSettings = {
				ALWAYS_SEARCH_USER_PATHS = NO;
				CLANG_ANALYZER_NONNULL = YES;
				CLANG_ANALYZER_NUMBER_OBJECT_CONVERSION = YES_AGGRESSIVE;
				CLANG_CXX_LANGUAGE_STANDARD = "gnu++20";
				CLANG_ENABLE_MODULES = YES;
				CLANG_ENABLE_OBJC_ARC = YES;
				CLANG_ENABLE_OBJC_WEAK = YES;
				CLANG_WARN_BLOCK_CAPTURE_AUTORELEASING = YES;
				CLANG_WARN_BOOL_CONVERSION = YES;
				CLANG_WARN_COMMA = YES;
				CLANG_WARN_CONSTANT_CONVERSION = YES;
				CLANG_WARN_DEPRECATED_OBJC_IMPLEMENTATIONS = YES;
				CLANG_WARN_DIRECT_OBJC_ISA_USAGE = YES_ERROR;
				CLANG_WARN_DOCUMENTATION_COMMENTS = YES;
				CLANG_WARN_EMPTY_BODY = YES;
				CLANG_WARN_ENUM_CONVERSION = YES;
				CLANG_WARN_INFINITE_RECURSION = YES;
				CLANG_WARN_INT_CONVERSION = YES;
				CLANG_WARN_NON_LITERAL_NULL_CONVERSION = YES;
				CLANG_WARN_OBJC_IMPLICIT_RETAIN_SELF = YES;
				CLANG_WARN_OBJC_LITERAL_CONVERSION = YES;
				CLANG_WARN_OBJC_ROOT_CLASS = YES_ERROR;
				CLANG_WARN_QUOTED_INCLUDE_IN_FRAMEWORK_HEADER = YES;
				CLANG_WARN_RANGE_LOOP_ANALYSIS = YES;
				CLANG_WARN_STRICT_PROTOTYPES = YES;
				CLANG_WARN_SUSPICIOUS_MOVE = YES;
				CLANG_WARN_UNGUARDED_AVAILABILITY = YES_AGGRESSIVE;
				CLANG_WARN_UNREACHABLE_CODE = YES;
				CLANG_WARN__DUPLICATE_METHOD_MATCH = YES;
				COPY_PHASE_STRIP = NO;
				DEBUG_INFORMATION_FORMAT = dwarf;
				ENABLE_STRICT_OBJC_MSGSEND = YES;
				ENABLE_TESTABILITY = YES;
				GCC_C_LANGUAGE_STANDARD = gnu11;
				GCC_DYNAMIC_NO_PIC = NO;
				GCC_NO_COMMON_BLOCKS = YES;
				GCC_OPTIMIZATION_LEVEL = 0;
				GCC_PREPROCESSOR_DEFINITIONS = (
					"DEBUG=1",
					"$(inherited)",
				);
				GCC_WARN_64_TO_32_BIT_CONVERSION = YES;
				GCC_WARN_ABOUT_RETURN_TYPE = YES_ERROR;
				GCC_WARN_UNDECLARED_SELECTOR = YES;
				GCC_WARN_UNINITIALIZED_AUTOS = YES_AGGRESSIVE;
				GCC_WARN_UNUSED_FUNCTION = YES;
				GCC_WARN_UNUSED_VARIABLE = YES;
				IPHONEOS_DEPLOYMENT_TARGET = 16.4;
				MTL_ENABLE_DEBUG_INFO = INCLUDE_SOURCE;
				MTL_FAST_MATH = YES;
				ONLY_ACTIVE_ARCH = YES;
				SDKROOT = iphoneos;
				SWIFT_ACTIVE_COMPILATION_CONDITIONS = DEBUG;
				SWIFT_OPTIMIZATION_LEVEL = "-Onone";
			};
			name = Debug;
		};
		EB039C192A696BCA006DEFC5 /* Release */ = {
			isa = XCBuildConfiguration;
			buildSettings = {
				ALWAYS_SEARCH_USER_PATHS = NO;
				CLANG_ANALYZER_NONNULL = YES;
				CLANG_ANALYZER_NUMBER_OBJECT_CONVERSION = YES_AGGRESSIVE;
				CLANG_CXX_LANGUAGE_STANDARD = "gnu++20";
				CLANG_ENABLE_MODULES = YES;
				CLANG_ENABLE_OBJC_ARC = YES;
				CLANG_ENABLE_OBJC_WEAK = YES;
				CLANG_WARN_BLOCK_CAPTURE_AUTORELEASING = YES;
				CLANG_WARN_BOOL_CONVERSION = YES;
				CLANG_WARN_COMMA = YES;
				CLANG_WARN_CONSTANT_CONVERSION = YES;
				CLANG_WARN_DEPRECATED_OBJC_IMPLEMENTATIONS = YES;
				CLANG_WARN_DIRECT_OBJC_ISA_USAGE = YES_ERROR;
				CLANG_WARN_DOCUMENTATION_COMMENTS = YES;
				CLANG_WARN_EMPTY_BODY = YES;
				CLANG_WARN_ENUM_CONVERSION = YES;
				CLANG_WARN_INFINITE_RECURSION = YES;
				CLANG_WARN_INT_CONVERSION = YES;
				CLANG_WARN_NON_LITERAL_NULL_CONVERSION = YES;
				CLANG_WARN_OBJC_IMPLICIT_RETAIN_SELF = YES;
				CLANG_WARN_OBJC_LITERAL_CONVERSION = YES;
				CLANG_WARN_OBJC_ROOT_CLASS = YES_ERROR;
				CLANG_WARN_QUOTED_INCLUDE_IN_FRAMEWORK_HEADER = YES;
				CLANG_WARN_RANGE_LOOP_ANALYSIS = YES;
				CLANG_WARN_STRICT_PROTOTYPES = YES;
				CLANG_WARN_SUSPICIOUS_MOVE = YES;
				CLANG_WARN_UNGUARDED_AVAILABILITY = YES_AGGRESSIVE;
				CLANG_WARN_UNREACHABLE_CODE = YES;
				CLANG_WARN__DUPLICATE_METHOD_MATCH = YES;
				COPY_PHASE_STRIP = NO;
				DEBUG_INFORMATION_FORMAT = "dwarf-with-dsym";
				ENABLE_NS_ASSERTIONS = NO;
				ENABLE_STRICT_OBJC_MSGSEND = YES;
				GCC_C_LANGUAGE_STANDARD = gnu11;
				GCC_NO_COMMON_BLOCKS = YES;
				GCC_WARN_64_TO_32_BIT_CONVERSION = YES;
				GCC_WARN_ABOUT_RETURN_TYPE = YES_ERROR;
				GCC_WARN_UNDECLARED_SELECTOR = YES;
				GCC_WARN_UNINITIALIZED_AUTOS = YES_AGGRESSIVE;
				GCC_WARN_UNUSED_FUNCTION = YES;
				GCC_WARN_UNUSED_VARIABLE = YES;
				IPHONEOS_DEPLOYMENT_TARGET = 16.4;
				MTL_ENABLE_DEBUG_INFO = NO;
				MTL_FAST_MATH = YES;
				SDKROOT = iphoneos;
				SWIFT_COMPILATION_MODE = wholemodule;
				SWIFT_OPTIMIZATION_LEVEL = "-O";
				VALIDATE_PRODUCT = YES;
			};
			name = Release;
		};
		EB039C1B2A696BCA006DEFC5 /* Debug */ = {
			isa = XCBuildConfiguration;
			buildSettings = {
				ASSETCATALOG_COMPILER_APPICON_NAME = AppIcon;
				ASSETCATALOG_COMPILER_GLOBAL_ACCENT_COLOR_NAME = AccentColor;
				CODE_SIGN_STYLE = Automatic;
				CURRENT_PROJECT_VERSION = 1;
				DEVELOPMENT_TEAM = M4K2UP2N9Q;
				GENERATE_INFOPLIST_FILE = YES;
				INFOPLIST_FILE = SpaceXMission/Resources/Info.plist;
				INFOPLIST_KEY_UIApplicationSupportsIndirectInputEvents = YES;
				INFOPLIST_KEY_UILaunchStoryboardName = LaunchScreen;
				INFOPLIST_KEY_UISupportedInterfaceOrientations_iPad = "UIInterfaceOrientationPortrait UIInterfaceOrientationPortraitUpsideDown UIInterfaceOrientationLandscapeLeft UIInterfaceOrientationLandscapeRight";
				INFOPLIST_KEY_UISupportedInterfaceOrientations_iPhone = "UIInterfaceOrientationPortrait UIInterfaceOrientationLandscapeLeft UIInterfaceOrientationLandscapeRight";
				LD_RUNPATH_SEARCH_PATHS = (
					"$(inherited)",
					"@executable_path/Frameworks",
				);
				MARKETING_VERSION = 1.0;
				PRODUCT_BUNDLE_IDENTIFIER = com.AmirReza.SpaceXMisson.SpaceXMission;
				PRODUCT_NAME = "$(TARGET_NAME)";
				SWIFT_EMIT_LOC_STRINGS = YES;
				SWIFT_VERSION = 5.0;
				TARGETED_DEVICE_FAMILY = "1,2";
			};
			name = Debug;
		};
		EB039C1C2A696BCA006DEFC5 /* Release */ = {
			isa = XCBuildConfiguration;
			buildSettings = {
				ASSETCATALOG_COMPILER_APPICON_NAME = AppIcon;
				ASSETCATALOG_COMPILER_GLOBAL_ACCENT_COLOR_NAME = AccentColor;
				CODE_SIGN_STYLE = Automatic;
				CURRENT_PROJECT_VERSION = 1;
				DEVELOPMENT_TEAM = M4K2UP2N9Q;
				GENERATE_INFOPLIST_FILE = YES;
				INFOPLIST_FILE = SpaceXMission/Resources/Info.plist;
				INFOPLIST_KEY_UIApplicationSupportsIndirectInputEvents = YES;
				INFOPLIST_KEY_UILaunchStoryboardName = LaunchScreen;
				INFOPLIST_KEY_UISupportedInterfaceOrientations_iPad = "UIInterfaceOrientationPortrait UIInterfaceOrientationPortraitUpsideDown UIInterfaceOrientationLandscapeLeft UIInterfaceOrientationLandscapeRight";
				INFOPLIST_KEY_UISupportedInterfaceOrientations_iPhone = "UIInterfaceOrientationPortrait UIInterfaceOrientationLandscapeLeft UIInterfaceOrientationLandscapeRight";
				LD_RUNPATH_SEARCH_PATHS = (
					"$(inherited)",
					"@executable_path/Frameworks",
				);
				MARKETING_VERSION = 1.0;
				PRODUCT_BUNDLE_IDENTIFIER = com.AmirReza.SpaceXMisson.SpaceXMission;
				PRODUCT_NAME = "$(TARGET_NAME)";
				SWIFT_EMIT_LOC_STRINGS = YES;
				SWIFT_VERSION = 5.0;
				TARGETED_DEVICE_FAMILY = "1,2";
			};
			name = Release;
		};
/* End XCBuildConfiguration section */

/* Begin XCConfigurationList section */
		EB039C012A696BCA006DEFC5 /* Build configuration list for PBXProject "SpaceXMission" */ = {
			isa = XCConfigurationList;
			buildConfigurations = (
				EB039C182A696BCA006DEFC5 /* Debug */,
				EB039C192A696BCA006DEFC5 /* Release */,
			);
			defaultConfigurationIsVisible = 0;
			defaultConfigurationName = Release;
		};
		EB039C1A2A696BCA006DEFC5 /* Build configuration list for PBXNativeTarget "SpaceXMission" */ = {
			isa = XCConfigurationList;
			buildConfigurations = (
				EB039C1B2A696BCA006DEFC5 /* Debug */,
				EB039C1C2A696BCA006DEFC5 /* Release */,
			);
			defaultConfigurationIsVisible = 0;
			defaultConfigurationName = Release;
		};
/* End XCConfigurationList section */
	};
	rootObject = EB039BFE2A696BCA006DEFC5 /* Project object */;
}
